
Microsoft Visual Studio Solution File, Format Version 12.00
# Visual Studio Version 16
VisualStudioVersion = 16.0.30711.63
MinimumVisualStudioVersion = 10.0.40219.1
Project("{8BC9CEB8-8B4A-11D0-8D11-00A0C91BC942}") = "Arrays", "Arrays\Arrays.vcxproj", "{A47904A0-E826-4181-947B-8B18B36B615D}"
EndProject
Project("{8BC9CEB8-8B4A-11D0-8D11-00A0C91BC942}") = "MultidimensionalArrays", "MultidimensionalArrays\MultidimensionalArrays.vcxproj", "{C496BE71-CD12-47A7-9828-538BDD7B3987}"
EndProject
Project("{8BC9CEB8-8B4A-11D0-8D11-00A0C91BC942}") = "Demo", "Demo\Demo.vcxproj", "{9211C787-B021-40CA-B061-9A2D777FDE24}"
EndProject
Global
	GlobalSection(SolutionConfigurationPlatforms) = preSolution
		Debug|x64 = Debug|x64
		Debug|x86 = Debug|x86
		Release|x64 = Release|x64
		Release|x86 = Release|x86
	EndGlobalSection
	GlobalSection(ProjectConfigurationPlatforms) = postSolution
		{A47904A0-E826-4181-947B-8B18B36B615D}.Debug|x64.ActiveCfg = Debug|x64
		{A47904A0-E826-4181-947B-8B18B36B615D}.Debug|x64.Build.0 = Debug|x64
		{A47904A0-E826-4181-947B-8B18B36B615D}.Debug|x86.ActiveCfg = Debug|Win32
		{A47904A0-E826-4181-947B-8B18B36B615D}.Debug|x86.Build.0 = Debug|Win32
		{A47904A0-E826-4181-947B-8B18B36B615D}.Release|x64.ActiveCfg = Release|x64
		{A47904A0-E826-4181-947B-8B18B36B615D}.Release|x64.Build.0 = Release|x64
		{A47904A0-E826-4181-947B-8B18B36B615D}.Release|x86.ActiveCfg = Release|Win32
		{A47904A0-E826-4181-947B-8B18B36B615D}.Release|x86.Build.0 = Release|Win32
		{C496BE71-CD12-47A7-9828-538BDD7B3987}.Debug|x64.ActiveCfg = Debug|x64
		{C496BE71-CD12-47A7-9828-538BDD7B3987}.Debug|x64.Build.0 = Debug|x64
		{C496BE71-CD12-47A7-9828-538BDD7B3987}.Debug|x86.ActiveCfg = Debug|Win32
		{C496BE71-CD12-47A7-9828-538BDD7B3987}.Debug|x86.Build.0 = Debug|Win32
		{C496BE71-CD12-47A7-9828-538BDD7B3987}.Release|x64.ActiveCfg = Release|x64
		{C496BE71-CD12-47A7-9828-538BDD7B3987}.Release|x64.Build.0 = Release|x64
		{C496BE71-CD12-47A7-9828-538BDD7B3987}.Release|x86.ActiveCfg = Release|Win32
		{C496BE71-CD12-47A7-9828-538BDD7B3987}.Release|x86.Build.0 = Release|Win32
		{9211C787-B021-40CA-B061-9A2D777FDE24}.Debug|x64.ActiveCfg = Debug|x64
		{9211C787-B021-40CA-B061-9A2D777FDE24}.Debug|x64.Build.0 = Debug|x64
		{9211C787-B021-40CA-B061-9A2D777FDE24}.Debug|x86.ActiveCfg = Debug|Win32
		{9211C787-B021-40CA-B061-9A2D777FDE24}.Debug|x86.Build.0 = Debug|Win32
		{9211C787-B021-40CA-B061-9A2D777FDE24}.Release|x64.ActiveCfg = Release|x64
		{9211C787-B021-40CA-B061-9A2D777FDE24}.Release|x64.Build.0 = Release|x64
		{9211C787-B021-40CA-B061-9A2D777FDE24}.Release|x86.ActiveCfg = Release|Win32
		{9211C787-B021-40CA-B061-9A2D777FDE24}.Release|x86.Build.0 = Release|Win32
	EndGlobalSection
	GlobalSection(SolutionProperties) = preSolution
		HideSolutionNode = FALSE
	EndGlobalSection
	GlobalSection(ExtensibilityGlobals) = postSolution
		SolutionGuid = {BC136821-31A8-4CEB-B548-E70F0420BF6E}
	EndGlobalSection
EndGlobal
